// !$*UTF8*$!
{
	archiveVersion = 1;
	classes = {
	};
	objectVersion = 46;
	objects = {

/* Begin PBXBuildFile section */
		3A4B951E1BC7B67900B6C404 /* main.m in Sources */ = {isa = PBXBuildFile; fileRef = 3A4B951D1BC7B67900B6C404 /* main.m */; };
		3A4B95211BC7B67900B6C404 /* AppDelegate.m in Sources */ = {isa = PBXBuildFile; fileRef = 3A4B95201BC7B67900B6C404 /* AppDelegate.m */; };
		3A4B95241BC7B67900B6C404 /* ViewController.m in Sources */ = {isa = PBXBuildFile; fileRef = 3A4B95231BC7B67900B6C404 /* ViewController.m */; };
		3A4B95271BC7B67900B6C404 /* Main.storyboard in Resources */ = {isa = PBXBuildFile; fileRef = 3A4B95251BC7B67900B6C404 /* Main.storyboard */; };
		3A4B95291BC7B67900B6C404 /* Images.xcassets in Resources */ = {isa = PBXBuildFile; fileRef = 3A4B95281BC7B67900B6C404 /* Images.xcassets */; };
		3A4B952C1BC7B67900B6C404 /* LaunchScreen.xib in Resources */ = {isa = PBXBuildFile; fileRef = 3A4B952A1BC7B67900B6C404 /* LaunchScreen.xib */; };
		3A4B95381BC7B67900B6C404 /* SHSLoadingViewTests.m in Sources */ = {isa = PBXBuildFile; fileRef = 3A4B95371BC7B67900B6C404 /* SHSLoadingViewTests.m */; };
		3AD50E5A1BC8F3AB000E3181 /* SHSLoadingView.m in Sources */ = {isa = PBXBuildFile; fileRef = 3AD50E591BC8F3AB000E3181 /* SHSLoadingView.m */; };
/* End PBXBuildFile section */

/* Begin PBXContainerItemProxy section */
		3A4B95321BC7B67900B6C404 /* PBXContainerItemProxy */ = {
			isa = PBXContainerItemProxy;
			containerPortal = 3A4B95101BC7B67900B6C404 /* Project object */;
			proxyType = 1;
			remoteGlobalIDString = 3A4B95171BC7B67900B6C404;
			remoteInfo = SHSLoadingView;
		};
/* End PBXContainerItemProxy section */

/* Begin PBXFileReference section */
		3A4B95181BC7B67900B6C404 /* SHSLoadingView.app */ = {isa = PBXFileReference; explicitFileType = wrapper.application; includeInIndex = 0; path = SHSLoadingView.app; sourceTree = BUILT_PRODUCTS_DIR; };
		3A4B951C1BC7B67900B6C404 /* Info.plist */ = {isa = PBXFileReference; lastKnownFileType = text.plist.xml; path = Info.plist; sourceTree = "<group>"; };
		3A4B951D1BC7B67900B6C404 /* main.m */ = {isa = PBXFileReference; lastKnownFileType = sourcecode.c.objc; path = main.m; sourceTree = "<group>"; };
		3A4B951F1BC7B67900B6C404 /* AppDelegate.h */ = {isa = PBXFileReference; lastKnownFileType = sourcecode.c.h; path = AppDelegate.h; sourceTree = "<group>"; };
		3A4B95201BC7B67900B6C404 /* AppDelegate.m */ = {isa = PBXFileReference; lastKnownFileType = sourcecode.c.objc; path = AppDelegate.m; sourceTree = "<group>"; };
		3A4B95221BC7B67900B6C404 /* ViewController.h */ = {isa = PBXFileReference; lastKnownFileType = sourcecode.c.h; path = ViewController.h; sourceTree = "<group>"; };
		3A4B95231BC7B67900B6C404 /* ViewController.m */ = {isa = PBXFileReference; lastKnownFileType = sourcecode.c.objc; path = ViewController.m; sourceTree = "<group>"; };
		3A4B95261BC7B67900B6C404 /* Base */ = {isa = PBXFileReference; lastKnownFileType = file.storyboard; name = Base; path = Base.lproj/Main.storyboard; sourceTree = "<group>"; };
		3A4B95281BC7B67900B6C404 /* Images.xcassets */ = {isa = PBXFileReference; lastKnownFileType = folder.assetcatalog; path = Images.xcassets; sourceTree = "<group>"; };
		3A4B952B1BC7B67900B6C404 /* Base */ = {isa = PBXFileReference; lastKnownFileType = file.xib; name = Base; path = Base.lproj/LaunchScreen.xib; sourceTree = "<group>"; };
		3A4B95311BC7B67900B6C404 /* SHSLoadingViewTests.xctest */ = {isa = PBXFileReference; explicitFileType = wrapper.cfbundle; includeInIndex = 0; path = SHSLoadingViewTests.xctest; sourceTree = BUILT_PRODUCTS_DIR; };
		3A4B95361BC7B67900B6C404 /* Info.plist */ = {isa = PBXFileReference; lastKnownFileType = text.plist.xml; path = Info.plist; sourceTree = "<group>"; };
		3A4B95371BC7B67900B6C404 /* SHSLoadingViewTests.m */ = {isa = PBXFileReference; lastKnownFileType = sourcecode.c.objc; path = SHSLoadingViewTests.m; sourceTree = "<group>"; };
		3AD50E581BC8F3AB000E3181 /* SHSLoadingView.h */ = {isa = PBXFileReference; fileEncoding = 4; lastKnownFileType = sourcecode.c.h; path = SHSLoadingView.h; sourceTree = "<group>"; };
		3AD50E591BC8F3AB000E3181 /* SHSLoadingView.m */ = {isa = PBXFileReference; fileEncoding = 4; lastKnownFileType = sourcecode.c.objc; path = SHSLoadingView.m; sourceTree = "<group>"; };
/* End PBXFileReference section */

/* Begin PBXFrameworksBuildPhase section */
		3A4B95151BC7B67900B6C404 /* Frameworks */ = {
			isa = PBXFrameworksBuildPhase;
			buildActionMask = 2147483647;
			files = (
			);
			runOnlyForDeploymentPostprocessing = 0;
		};
		3A4B952E1BC7B67900B6C404 /* Frameworks */ = {
			isa = PBXFrameworksBuildPhase;
			buildActionMask = 2147483647;
			files = (
			);
			runOnlyForDeploymentPostprocessing = 0;
		};
/* End PBXFrameworksBuildPhase section */

/* Begin PBXGroup section */
		3A4B950F1BC7B67900B6C404 = {
			isa = PBXGroup;
			children = (
				3A4B951A1BC7B67900B6C404 /* SHSLoadingView */,
				3A4B95341BC7B67900B6C404 /* SHSLoadingViewTests */,
				3A4B95191BC7B67900B6C404 /* Products */,
			);
			sourceTree = "<group>";
		};
		3A4B95191BC7B67900B6C404 /* Products */ = {
			isa = PBXGroup;
			children = (
				3A4B95181BC7B67900B6C404 /* SHSLoadingView.app */,
				3A4B95311BC7B67900B6C404 /* SHSLoadingViewTests.xctest */,
			);
			name = Products;
			sourceTree = "<group>";
		};
		3A4B951A1BC7B67900B6C404 /* SHSLoadingView */ = {
			isa = PBXGroup;
			children = (
				3A4B951F1BC7B67900B6C404 /* AppDelegate.h */,
				3A4B95201BC7B67900B6C404 /* AppDelegate.m */,
				3A4B95221BC7B67900B6C404 /* ViewController.h */,
				3A4B95231BC7B67900B6C404 /* ViewController.m */,
				3AD50E581BC8F3AB000E3181 /* SHSLoadingView.h */,
				3AD50E591BC8F3AB000E3181 /* SHSLoadingView.m */,
				3A4B95251BC7B67900B6C404 /* Main.storyboard */,
				3A4B95281BC7B67900B6C404 /* Images.xcassets */,
				3A4B952A1BC7B67900B6C404 /* LaunchScreen.xib */,
				3A4B951B1BC7B67900B6C404 /* Supporting Files */,
			);
			path = SHSLoadingView;
			sourceTree = "<group>";
		};
		3A4B951B1BC7B67900B6C404 /* Supporting Files */ = {
			isa = PBXGroup;
			children = (
				3A4B951C1BC7B67900B6C404 /* Info.plist */,
				3A4B951D1BC7B67900B6C404 /* main.m */,
			);
			name = "Supporting Files";
			sourceTree = "<group>";
		};
		3A4B95341BC7B67900B6C404 /* SHSLoadingViewTests */ = {
			isa = PBXGroup;
			children = (
				3A4B95371BC7B67900B6C404 /* SHSLoadingViewTests.m */,
				3A4B95351BC7B67900B6C404 /* Supporting Files */,
			);
			path = SHSLoadingViewTests;
			sourceTree = "<group>";
		};
		3A4B95351BC7B67900B6C404 /* Supporting Files */ = {
			isa = PBXGroup;
			children = (
				3A4B95361BC7B67900B6C404 /* Info.plist */,
			);
			name = "Supporting Files";
			sourceTree = "<group>";
		};
/* End PBXGroup section */

/* Begin PBXNativeTarget section */
		3A4B95171BC7B67900B6C404 /* SHSLoadingView */ = {
			isa = PBXNativeTarget;
			buildConfigurationList = 3A4B953B1BC7B67900B6C404 /* Build configuration list for PBXNativeTarget "SHSLoadingView" */;
			buildPhases = (
				3A4B95141BC7B67900B6C404 /* Sources */,
				3A4B95151BC7B67900B6C404 /* Frameworks */,
				3A4B95161BC7B67900B6C404 /* Resources */,
			);
			buildRules = (
			);
			dependencies = (
			);
			name = SHSLoadingView;
			productName = SHSLoadingView;
			productReference = 3A4B95181BC7B67900B6C404 /* SHSLoadingView.app */;
			productType = "com.apple.product-type.application";
		};
		3A4B95301BC7B67900B6C404 /* SHSLoadingViewTests */ = {
			isa = PBXNativeTarget;
			buildConfigurationList = 3A4B953E1BC7B67900B6C404 /* Build configuration list for PBXNativeTarget "SHSLoadingViewTests" */;
			buildPhases = (
				3A4B952D1BC7B67900B6C404 /* Sources */,
				3A4B952E1BC7B67900B6C404 /* Frameworks */,
				3A4B952F1BC7B67900B6C404 /* Resources */,
			);
			buildRules = (
			);
			dependencies = (
				3A4B95331BC7B67900B6C404 /* PBXTargetDependency */,
			);
			name = SHSLoadingViewTests;
			productName = SHSLoadingViewTests;
			productReference = 3A4B95311BC7B67900B6C404 /* SHSLoadingViewTests.xctest */;
			productType = "com.apple.product-type.bundle.unit-test";
		};
/* End PBXNativeTarget section */

/* Begin PBXProject section */
		3A4B95101BC7B67900B6C404 /* Project object */ = {
			isa = PBXProject;
			attributes = {
				LastUpgradeCheck = 0640;
				ORGANIZATIONNAME = "孙浩胜";
				TargetAttributes = {
					3A4B95171BC7B67900B6C404 = {
						CreatedOnToolsVersion = 6.4;
					};
					3A4B95301BC7B67900B6C404 = {
						CreatedOnToolsVersion = 6.4;
						TestTargetID = 3A4B95171BC7B67900B6C404;
					};
				};
			};
			buildConfigurationList = 3A4B95131BC7B67900B6C404 /* Build configuration list for PBXProject "SHSLoadingView" */;
			compatibilityVersion = "Xcode 3.2";
			developmentRegion = English;
			hasScannedForEncodings = 0;
			knownRegions = (
				en,
				Base,
			);
			mainGroup = 3A4B950F1BC7B67900B6C404;
			productRefGroup = 3A4B95191BC7B67900B6C404 /* Products */;
			projectDirPath = "";
			projectRoot = "";
			targets = (
				3A4B95171BC7B67900B6C404 /* SHSLoadingView */,
				3A4B95301BC7B67900B6C404 /* SHSLoadingViewTests */,
			);
		};
/* End PBXProject section */

/* Begin PBXResourcesBuildPhase section */
		3A4B95161BC7B67900B6C404 /* Resources */ = {
			isa = PBXResourcesBuildPhase;
			buildActionMask = 2147483647;
			files = (
				3A4B95271BC7B67900B6C404 /* Main.storyboard in Resources */,
				3A4B952C1BC7B67900B6C404 /* LaunchScreen.xib in Resources */,
				3A4B95291BC7B67900B6C404 /* Images.xcassets in Resources */,
			);
			runOnlyForDeploymentPostprocessing = 0;
		};
		3A4B952F1BC7B67900B6C404 /* Resources */ = {
			isa = PBXResourcesBuildPhase;
			buildActionMask = 2147483647;
			files = (
			);
			runOnlyForDeploymentPostprocessing = 0;
		};
/* End PBXResourcesBuildPhase section */

/* Begin PBXSourcesBuildPhase section */
		3A4B95141BC7B67900B6C404 /* Sources */ = {
			isa = PBXSourcesBuildPhase;
			buildActionMask = 2147483647;
			files = (
				3A4B95241BC7B67900B6C404 /* ViewController.m in Sources */,
				3A4B95211BC7B67900B6C404 /* AppDelegate.m in Sources */,
				3AD50E5A1BC8F3AB000E3181 /* SHSLoadingView.m in Sources */,
				3A4B951E1BC7B67900B6C404 /* main.m in Sources */,
			);
			runOnlyForDeploymentPostprocessing = 0;
		};
		3A4B952D1BC7B67900B6C404 /* Sources */ = {
			isa = PBXSourcesBuildPhase;
			buildActionMask = 2147483647;
			files = (
				3A4B95381BC7B67900B6C404 /* SHSLoadingViewTests.m in Sources */,
			);
			runOnlyForDeploymentPostprocessing = 0;
		};
/* End PBXSourcesBuildPhase section */

/* Begin PBXTargetDependency section */
		3A4B95331BC7B67900B6C404 /* PBXTargetDependency */ = {
			isa = PBXTargetDependency;
			target = 3A4B95171BC7B67900B6C404 /* SHSLoadingView */;
			targetProxy = 3A4B95321BC7B67900B6C404 /* PBXContainerItemProxy */;
		};
/* End PBXTargetDependency section */

/* Begin PBXVariantGroup section */
		3A4B95251BC7B67900B6C404 /* Main.storyboard */ = {
			isa = PBXVariantGroup;
			children = (
				3A4B95261BC7B67900B6C404 /* Base */,
			);
			name = Main.storyboard;
			sourceTree = "<group>";
		};
		3A4B952A1BC7B67900B6C404 /* LaunchScreen.xib */ = {
			isa = PBXVariantGroup;
			children = (
				3A4B952B1BC7B67900B6C404 /* Base */,
			);
			name = LaunchScreen.xib;
			sourceTree = "<group>";
		};
/* End PBXVariantGroup section */

/* Begin XCBuildConfiguration section */
		3A4B95391BC7B67900B6C404 /* Debug */ = {
			isa = XCBuildConfiguration;
			buildSettings = {
				ALWAYS_SEARCH_USER_PATHS = NO;
				CLANG_CXX_LANGUAGE_STANDARD = "gnu++0x";
				CLANG_CXX_LIBRARY = "libc++";
				CLANG_ENABLE_MODULES = YES;
				CLANG_ENABLE_OBJC_ARC = YES;
				CLANG_WARN_BOOL_CONVERSION = YES;
				CLANG_WARN_CONSTANT_CONVERSION = YES;
				CLANG_WARN_DIRECT_OBJC_ISA_USAGE = YES_ERROR;
				CLANG_WARN_EMPTY_BODY = YES;
				CLANG_WARN_ENUM_CONVERSION = YES;
				CLANG_WARN_INT_CONVERSION = YES;
				CLANG_WARN_OBJC_ROOT_CLASS = YES_ERROR;
				CLANG_WARN_UNREACHABLE_CODE = YES;
				CLANG_WARN__DUPLICATE_METHOD_MATCH = YES;
				"CODE_SIGN_IDENTITY[sdk=iphoneos*]" = "iPhone Developer";
				COPY_PHASE_STRIP = NO;
				DEBUG_INFORMATION_FORMAT = "dwarf-with-dsym";
				ENABLE_STRICT_OBJC_MSGSEND = YES;
				GCC_C_LANGUAGE_STANDARD = gnu99;
				GCC_DYNAMIC_NO_PIC = NO;
				GCC_NO_COMMON_BLOCKS = YES;
				GCC_OPTIMIZATION_LEVEL = 0;
				GCC_PREPROCESSOR_DEFINITIONS = (
					"DEBUG=1",
					"$(inherited)",
				);
				GCC_SYMBOLS_PRIVATE_EXTERN = NO;
				GCC_WARN_64_TO_32_BIT_CONVERSION = YES;
				GCC_WARN_ABOUT_RETURN_TYPE = YES_ERROR;
				GCC_WARN_UNDECLARED_SELECTOR = YES;
				GCC_WARN_UNINITIALIZED_AUTOS = YES_AGGRESSIVE;
				GCC_WARN_UNUSED_FUNCTION = YES;
				GCC_WARN_UNUSED_VARIABLE = YES;
				IPHONEOS_DEPLOYMENT_TARGET = 8.4;
				MTL_ENABLE_DEBUG_INFO = YES;
				ONLY_ACTIVE_ARCH = YES;
				SDKROOT = iphoneos;
				TARGETED_DEVICE_FAMILY = "1,2";
			};
			name = Debug;
		};
		3A4B953A1BC7B67900B6C404 /* Release */ = {
			isa = XCBuildConfiguration;
			buildSettings = {
				ALWAYS_SEARCH_USER_PATHS = NO;
				CLANG_CXX_LANGUAGE_STANDARD = "gnu++0x";
				CLANG_CXX_LIBRARY = "libc++";
				CLANG_ENABLE_MODULES = YES;
				CLANG_ENABLE_OBJC_ARC = YES;
				CLANG_WARN_BOOL_CONVERSION = YES;
				CLANG_WARN_CONSTANT_CONVERSION = YES;
				CLANG_WARN_DIRECT_OBJC_ISA_USAGE = YES_ERROR;
				CLANG_WARN_EMPTY_BODY = YES;
				CLANG_WARN_ENUM_CONVERSION = YES;
				CLANG_WARN_INT_CONVERSION = YES;
				CLANG_WARN_OBJC_ROOT_CLASS = YES_ERROR;
				CLANG_WARN_UNREACHABLE_CODE = YES;
				CLANG_WARN__DUPLICATE_METHOD_MATCH = YES;
				"CODE_SIGN_IDENTITY[sdk=iphoneos*]" = "iPhone Developer";
				COPY_PHASE_STRIP = NO;
				DEBUG_INFORMATION_FORMAT = "dwarf-with-dsym";
				ENABLE_NS_ASSERTIONS = NO;
				ENABLE_STRICT_OBJC_MSGSEND = YES;
				GCC_C_LANGUAGE_STANDARD = gnu99;
				GCC_NO_COMMON_BLOCKS = YES;
				GCC_WARN_64_TO_32_BIT_CONVERSION = YES;
				GCC_WARN_ABOUT_RETURN_TYPE = YES_ERROR;
				GCC_WARN_UNDECLARED_SELECTOR = YES;
				GCC_WARN_UNINITIALIZED_AUTOS = YES_AGGRESSIVE;
				GCC_WARN_UNUSED_FUNCTION = YES;
				GCC_WARN_UNUSED_VARIABLE = YES;
				IPHONEOS_DEPLOYMENT_TARGET = 8.4;
				MTL_ENABLE_DEBUG_INFO = NO;
				SDKROOT = iphoneos;
				TARGETED_DEVICE_FAMILY = "1,2";
				VALIDATE_PRODUCT = YES;
			};
			name = Release;
		};
		3A4B953C1BC7B67900B6C404 /* Debug */ = {
			isa = XCBuildConfiguration;
			buildSettings = {
				ASSETCATALOG_COMPILER_APPICON_NAME = AppIcon;
				INFOPLIST_FILE = SHSLoadingView/Info.plist;
				LD_RUNPATH_SEARCH_PATHS = "$(inherited) @executable_path/Frameworks";
				PRODUCT_NAME = "$(TARGET_NAME)";
			};
			name = Debug;
		};
		3A4B953D1BC7B67900B6C404 /* Release */ = {
			isa = XCBuildConfiguration;
			buildSettings = {
				ASSETCATALOG_COMPILER_APPICON_NAME = AppIcon;
				INFOPLIST_FILE = SHSLoadingView/Info.plist;
				LD_RUNPATH_SEARCH_PATHS = "$(inherited) @executable_path/Frameworks";
				PRODUCT_NAME = "$(TARGET_NAME)";
			};
			name = Release;
		};
		3A4B953F1BC7B67900B6C404 /* Debug */ = {
			isa = XCBuildConfiguration;
			buildSettings = {
				BUNDLE_LOADER = "$(TEST_HOST)";
				FRAMEWORK_SEARCH_PATHS = (
					"$(SDKROOT)/Developer/Library/Frameworks",
					"$(inherited)",
				);
				GCC_PREPROCESSOR_DEFINITIONS = (
					"DEBUG=1",
					"$(inherited)",
				);
				INFOPLIST_FILE = SHSLoadingViewTests/Info.plist;
				LD_RUNPATH_SEARCH_PATHS = "$(inherited) @executable_path/Frameworks @loader_path/Frameworks";
				PRODUCT_NAME = "$(TARGET_NAME)";
				TEST_HOST = "$(BUILT_PRODUCTS_DIR)/SHSLoadingView.app/SHSLoadingView";
			};
			name = Debug;
		};
		3A4B95401BC7B67900B6C404 /* Release */ = {
			isa = XCBuildConfiguration;
			buildSettings = {
				BUNDLE_LOADER = "$(TEST_HOST)";
				FRAMEWORK_SEARCH_PATHS = (
					"$(SDKROOT)/Developer/Library/Frameworks",
					"$(inherited)",
				);
				INFOPLIST_FILE = SHSLoadingViewTests/Info.plist;
				LD_RUNPATH_SEARCH_PATHS = "$(inherited) @executable_path/Frameworks @loader_path/Frameworks";
				PRODUCT_NAME = "$(TARGET_NAME)";
				TEST_HOST = "$(BUILT_PRODUCTS_DIR)/SHSLoadingView.app/SHSLoadingView";
			};
			name = Release;
		};
/* End XCBuildConfiguration section */

/* Begin XCConfigurationList section */
		3A4B95131BC7B67900B6C404 /* Build configuration list for PBXProject "SHSLoadingView" */ = {
			isa = XCConfigurationList;
			buildConfigurations = (
				3A4B95391BC7B67900B6C404 /* Debug */,
				3A4B953A1BC7B67900B6C404 /* Release */,
			);
			defaultConfigurationIsVisible = 0;
			defaultConfigurationName = Release;
		};
		3A4B953B1BC7B67900B6C404 /* Build configuration list for PBXNativeTarget "SHSLoadingView" */ = {
			isa = XCConfigurationList;
			buildConfigurations = (
				3A4B953C1BC7B67900B6C404 /* Debug */,
				3A4B953D1BC7B67900B6C404 /* Release */,
			);
			defaultConfigurationIsVisible = 0;
			defaultConfigurationName = Release;
		};
		3A4B953E1BC7B67900B6C404 /* Build configuration list for PBXNativeTarget "SHSLoadingViewTests" */ = {
			isa = XCConfigurationList;
			buildConfigurations = (
				3A4B953F1BC7B67900B6C404 /* Debug */,
				3A4B95401BC7B67900B6C404 /* Release */,
			);
			defaultConfigurationIsVisible = 0;
			defaultConfigurationName = Release;
		};
/* End XCConfigurationList section */
	};
	rootObject = 3A4B95101BC7B67900B6C404 /* Project object */;
}
